// !$*UTF8*$!
{
	archiveVersion = 1;
	classes = {
	};
	objectVersion = 56;
	objects = {

/* Begin PBXBuildFile section */
		4A01D1882A66889B0031483E /* Date+Extensions.swift in Sources */ = {isa = PBXBuildFile; fileRef = 4A01D1872A66889B0031483E /* Date+Extensions.swift */; };
		4A0887C42A4DF90700CC3998 /* AppDelegate.swift in Sources */ = {isa = PBXBuildFile; fileRef = 4A0887C32A4DF90700CC3998 /* AppDelegate.swift */; };
		4A0887C62A4DF90700CC3998 /* SceneDelegate.swift in Sources */ = {isa = PBXBuildFile; fileRef = 4A0887C52A4DF90700CC3998 /* SceneDelegate.swift */; };
		4A0887C82A4DF90700CC3998 /* ImagesListViewController.swift in Sources */ = {isa = PBXBuildFile; fileRef = 4A0887C72A4DF90700CC3998 /* ImagesListViewController.swift */; };
		4A0887CB2A4DF90700CC3998 /* Main.storyboard in Resources */ = {isa = PBXBuildFile; fileRef = 4A0887C92A4DF90700CC3998 /* Main.storyboard */; };
		4A0887CD2A4DF90900CC3998 /* Assets.xcassets in Resources */ = {isa = PBXBuildFile; fileRef = 4A0887CC2A4DF90900CC3998 /* Assets.xcassets */; };
		4A0887D02A4DF90900CC3998 /* LaunchScreen.storyboard in Resources */ = {isa = PBXBuildFile; fileRef = 4A0887CE2A4DF90900CC3998 /* LaunchScreen.storyboard */; };
		4A0A2B722A79238B00D32BED /* Constants.swift in Sources */ = {isa = PBXBuildFile; fileRef = 4A0A2B712A79238B00D32BED /* Constants.swift */; };
		4A0A2B742A7A9E4500D32BED /* AuthViewController.swift in Sources */ = {isa = PBXBuildFile; fileRef = 4A0A2B732A7A9E4500D32BED /* AuthViewController.swift */; };
		4A0A2B772A7AA08300D32BED /* WebViewViewController.swift in Sources */ = {isa = PBXBuildFile; fileRef = 4A0A2B762A7AA08300D32BED /* WebViewViewController.swift */; };
		4A5255B52A62BF8300682808 /* SingleImageViewController.swift in Sources */ = {isa = PBXBuildFile; fileRef = 4A5255B42A62BF8200682808 /* SingleImageViewController.swift */; };
		4A665E502A5185E30006681E /* ImagesListCell.swift in Sources */ = {isa = PBXBuildFile; fileRef = 4A665E4F2A5185E30006681E /* ImagesListCell.swift */; };
		4A7510AC2A6033EC003456E8 /* ProfileViewController.swift in Sources */ = {isa = PBXBuildFile; fileRef = 4A7510AB2A6033EC003456E8 /* ProfileViewController.swift */; };
		4ABD5EB52A4F186E000B6B2B /* UIColor.swift in Sources */ = {isa = PBXBuildFile; fileRef = 4ABD5EB42A4F186E000B6B2B /* UIColor.swift */; };
		4AC1FDD32A7FD02C00D2B742 /* WebViewViewControllerDelegate.swift in Sources */ = {isa = PBXBuildFile; fileRef = 4AC1FDD22A7FD02C00D2B742 /* WebViewViewControllerDelegate.swift */; };
		4AC1FDD62A7FD43500D2B742 /* OAuthTokenResponseBody.swift in Sources */ = {isa = PBXBuildFile; fileRef = 4AC1FDD52A7FD43500D2B742 /* OAuthTokenResponseBody.swift */; };
		4AC1FDD82A7FD63900D2B742 /* OAuth2Service.swift in Sources */ = {isa = PBXBuildFile; fileRef = 4AC1FDD72A7FD63900D2B742 /* OAuth2Service.swift */; };
		4AC1FDDA2A7FDED300D2B742 /* OAuth2TokenStorage.swift in Sources */ = {isa = PBXBuildFile; fileRef = 4AC1FDD92A7FDED300D2B742 /* OAuth2TokenStorage.swift */; };
		4AC1FDDD2A80F39D00D2B742 /* SplashViewController.swift in Sources */ = {isa = PBXBuildFile; fileRef = 4AC1FDDC2A80F39D00D2B742 /* SplashViewController.swift */; };
		4AC1FDDF2A810A6400D2B742 /* AuthViewControllerDelegate.swift in Sources */ = {isa = PBXBuildFile; fileRef = 4AC1FDDE2A810A6400D2B742 /* AuthViewControllerDelegate.swift */; };
/* End PBXBuildFile section */

/* Begin PBXFileReference section */
		4A01D1872A66889B0031483E /* Date+Extensions.swift */ = {isa = PBXFileReference; lastKnownFileType = sourcecode.swift; path = "Date+Extensions.swift"; sourceTree = "<group>"; };
		4A0887C02A4DF90700CC3998 /* ImageFeed.app */ = {isa = PBXFileReference; explicitFileType = wrapper.application; includeInIndex = 0; path = ImageFeed.app; sourceTree = BUILT_PRODUCTS_DIR; };
		4A0887C32A4DF90700CC3998 /* AppDelegate.swift */ = {isa = PBXFileReference; lastKnownFileType = sourcecode.swift; path = AppDelegate.swift; sourceTree = "<group>"; };
		4A0887C52A4DF90700CC3998 /* SceneDelegate.swift */ = {isa = PBXFileReference; lastKnownFileType = sourcecode.swift; path = SceneDelegate.swift; sourceTree = "<group>"; };
		4A0887C72A4DF90700CC3998 /* ImagesListViewController.swift */ = {isa = PBXFileReference; lastKnownFileType = sourcecode.swift; path = ImagesListViewController.swift; sourceTree = "<group>"; };
		4A0887CA2A4DF90700CC3998 /* Base */ = {isa = PBXFileReference; lastKnownFileType = file.storyboard; name = Base; path = Base.lproj/Main.storyboard; sourceTree = "<group>"; };
		4A0887CC2A4DF90900CC3998 /* Assets.xcassets */ = {isa = PBXFileReference; lastKnownFileType = folder.assetcatalog; path = Assets.xcassets; sourceTree = "<group>"; };
		4A0887CF2A4DF90900CC3998 /* Base */ = {isa = PBXFileReference; lastKnownFileType = file.storyboard; name = Base; path = Base.lproj/LaunchScreen.storyboard; sourceTree = "<group>"; };
		4A0887D12A4DF90900CC3998 /* Info.plist */ = {isa = PBXFileReference; lastKnownFileType = text.plist.xml; path = Info.plist; sourceTree = "<group>"; };
		4A0A2B712A79238B00D32BED /* Constants.swift */ = {isa = PBXFileReference; lastKnownFileType = sourcecode.swift; path = Constants.swift; sourceTree = "<group>"; };
		4A0A2B732A7A9E4500D32BED /* AuthViewController.swift */ = {isa = PBXFileReference; lastKnownFileType = sourcecode.swift; path = AuthViewController.swift; sourceTree = "<group>"; };
		4A0A2B762A7AA08300D32BED /* WebViewViewController.swift */ = {isa = PBXFileReference; lastKnownFileType = sourcecode.swift; path = WebViewViewController.swift; sourceTree = "<group>"; };
		4A5255B42A62BF8200682808 /* SingleImageViewController.swift */ = {isa = PBXFileReference; lastKnownFileType = sourcecode.swift; path = SingleImageViewController.swift; sourceTree = "<group>"; };
		4A665E4F2A5185E30006681E /* ImagesListCell.swift */ = {isa = PBXFileReference; lastKnownFileType = sourcecode.swift; path = ImagesListCell.swift; sourceTree = "<group>"; };
		4A7510AB2A6033EC003456E8 /* ProfileViewController.swift */ = {isa = PBXFileReference; lastKnownFileType = sourcecode.swift; path = ProfileViewController.swift; sourceTree = "<group>"; };
		4ABD5EB42A4F186E000B6B2B /* UIColor.swift */ = {isa = PBXFileReference; lastKnownFileType = sourcecode.swift; path = UIColor.swift; sourceTree = "<group>"; };
		4AC1FDD22A7FD02C00D2B742 /* WebViewViewControllerDelegate.swift */ = {isa = PBXFileReference; lastKnownFileType = sourcecode.swift; path = WebViewViewControllerDelegate.swift; sourceTree = "<group>"; };
		4AC1FDD52A7FD43500D2B742 /* OAuthTokenResponseBody.swift */ = {isa = PBXFileReference; lastKnownFileType = sourcecode.swift; path = OAuthTokenResponseBody.swift; sourceTree = "<group>"; };
		4AC1FDD72A7FD63900D2B742 /* OAuth2Service.swift */ = {isa = PBXFileReference; lastKnownFileType = sourcecode.swift; path = OAuth2Service.swift; sourceTree = "<group>"; };
		4AC1FDD92A7FDED300D2B742 /* OAuth2TokenStorage.swift */ = {isa = PBXFileReference; lastKnownFileType = sourcecode.swift; path = OAuth2TokenStorage.swift; sourceTree = "<group>"; };
		4AC1FDDC2A80F39D00D2B742 /* SplashViewController.swift */ = {isa = PBXFileReference; lastKnownFileType = sourcecode.swift; path = SplashViewController.swift; sourceTree = "<group>"; };
		4AC1FDDE2A810A6400D2B742 /* AuthViewControllerDelegate.swift */ = {isa = PBXFileReference; lastKnownFileType = sourcecode.swift; path = AuthViewControllerDelegate.swift; sourceTree = "<group>"; };
/* End PBXFileReference section */

/* Begin PBXFrameworksBuildPhase section */
		4A0887BD2A4DF90700CC3998 /* Frameworks */ = {
			isa = PBXFrameworksBuildPhase;
			buildActionMask = 2147483647;
			files = (
			);
			runOnlyForDeploymentPostprocessing = 0;
		};
/* End PBXFrameworksBuildPhase section */

/* Begin PBXGroup section */
		4A0887B72A4DF90700CC3998 = {
			isa = PBXGroup;
			children = (
				4A0887C22A4DF90700CC3998 /* ImageFeed */,
				4A0887C12A4DF90700CC3998 /* Products */,
			);
			sourceTree = "<group>";
		};
		4A0887C12A4DF90700CC3998 /* Products */ = {
			isa = PBXGroup;
			children = (
				4A0887C02A4DF90700CC3998 /* ImageFeed.app */,
			);
			name = Products;
			sourceTree = "<group>";
		};
		4A0887C22A4DF90700CC3998 /* ImageFeed */ = {
			isa = PBXGroup;
			children = (
				4A0887C92A4DF90700CC3998 /* Main.storyboard */,
				4AC1FDD42A7FD41C00D2B742 /* Models */,
				4AC1FDDB2A80F38900D2B742 /* SplashViewController */,
				4AC1FDD12A7FD00D00D2B742 /* Services */,
				4A0A2B752A7A9EA300D32BED /* Auth */,
				4AFBEFA02A6174010033C9C3 /* Profile */,
				4A665E4E2A5185C30006681E /* ImagesList */,
				4A5255B62A62D9ED00682808 /* SingleImageViewController */,
				4A665E512A51863C0006681E /* Resources */,
				4ABD5EB32A4F1817000B6B2B /* Helpers */,
				4A0887C32A4DF90700CC3998 /* AppDelegate.swift */,
				4A0887C52A4DF90700CC3998 /* SceneDelegate.swift */,
			);
			path = ImageFeed;
			sourceTree = "<group>";
		};
		4A0A2B752A7A9EA300D32BED /* Auth */ = {
			isa = PBXGroup;
			children = (
				4A0A2B732A7A9E4500D32BED /* AuthViewController.swift */,
				4A0A2B762A7AA08300D32BED /* WebViewViewController.swift */,
			);
			path = Auth;
			sourceTree = "<group>";
		};
		4A5255B62A62D9ED00682808 /* SingleImageViewController */ = {
			isa = PBXGroup;
			children = (
				4A5255B42A62BF8200682808 /* SingleImageViewController.swift */,
			);
			path = SingleImageViewController;
			sourceTree = "<group>";
		};
		4A665E4E2A5185C30006681E /* ImagesList */ = {
			isa = PBXGroup;
			children = (
				4A0887C72A4DF90700CC3998 /* ImagesListViewController.swift */,
				4A665E4F2A5185E30006681E /* ImagesListCell.swift */,
			);
			path = ImagesList;
			sourceTree = "<group>";
		};
		4A665E512A51863C0006681E /* Resources */ = {
			isa = PBXGroup;
			children = (
				4A0887CE2A4DF90900CC3998 /* LaunchScreen.storyboard */,
				4A0887D12A4DF90900CC3998 /* Info.plist */,
				4A0887CC2A4DF90900CC3998 /* Assets.xcassets */,
			);
			path = Resources;
			sourceTree = "<group>";
		};
		4ABD5EB32A4F1817000B6B2B /* Helpers */ = {
			isa = PBXGroup;
			children = (
				4ABD5EB42A4F186E000B6B2B /* UIColor.swift */,
				4A01D1872A66889B0031483E /* Date+Extensions.swift */,
			);
			path = Helpers;
			sourceTree = "<group>";
		};
		4AC1FDD12A7FD00D00D2B742 /* Services */ = {
			isa = PBXGroup;
			children = (
				4AC1FDD22A7FD02C00D2B742 /* WebViewViewControllerDelegate.swift */,
				4AC1FDDE2A810A6400D2B742 /* AuthViewControllerDelegate.swift */,
				4AC1FDD72A7FD63900D2B742 /* OAuth2Service.swift */,
				4AC1FDD92A7FDED300D2B742 /* OAuth2TokenStorage.swift */,
				4A0A2B712A79238B00D32BED /* Constants.swift */,
			);
			path = Services;
			sourceTree = "<group>";
		};
		4AC1FDD42A7FD41C00D2B742 /* Models */ = {
			isa = PBXGroup;
			children = (
				4AC1FDD52A7FD43500D2B742 /* OAuthTokenResponseBody.swift */,
			);
			path = Models;
			sourceTree = "<group>";
		};
		4AC1FDDB2A80F38900D2B742 /* SplashViewController */ = {
			isa = PBXGroup;
			children = (
				4AC1FDDC2A80F39D00D2B742 /* SplashViewController.swift */,
			);
			path = SplashViewController;
			sourceTree = "<group>";
		};
		4AFBEFA02A6174010033C9C3 /* Profile */ = {
			isa = PBXGroup;
			children = (
				4A7510AB2A6033EC003456E8 /* ProfileViewController.swift */,
			);
			path = Profile;
			sourceTree = "<group>";
		};
/* End PBXGroup section */

/* Begin PBXNativeTarget section */
		4A0887BF2A4DF90700CC3998 /* ImageFeed */ = {
			isa = PBXNativeTarget;
			buildConfigurationList = 4A0887D42A4DF90900CC3998 /* Build configuration list for PBXNativeTarget "ImageFeed" */;
			buildPhases = (
				4A0887BC2A4DF90700CC3998 /* Sources */,
				4A0887BD2A4DF90700CC3998 /* Frameworks */,
				4A0887BE2A4DF90700CC3998 /* Resources */,
			);
			buildRules = (
			);
			dependencies = (
			);
			name = ImageFeed;
			productName = ImageFeed;
			productReference = 4A0887C02A4DF90700CC3998 /* ImageFeed.app */;
			productType = "com.apple.product-type.application";
		};
/* End PBXNativeTarget section */

/* Begin PBXProject section */
		4A0887B82A4DF90700CC3998 /* Project object */ = {
			isa = PBXProject;
			attributes = {
				BuildIndependentTargetsInParallel = 1;
				LastSwiftUpdateCheck = 1430;
				LastUpgradeCheck = 1430;
				TargetAttributes = {
					4A0887BF2A4DF90700CC3998 = {
						CreatedOnToolsVersion = 14.3;
					};
				};
			};
			buildConfigurationList = 4A0887BB2A4DF90700CC3998 /* Build configuration list for PBXProject "ImageFeed" */;
			compatibilityVersion = "Xcode 14.0";
			developmentRegion = en;
			hasScannedForEncodings = 0;
			knownRegions = (
				en,
				Base,
			);
			mainGroup = 4A0887B72A4DF90700CC3998;
			productRefGroup = 4A0887C12A4DF90700CC3998 /* Products */;
			projectDirPath = "";
			projectRoot = "";
			targets = (
				4A0887BF2A4DF90700CC3998 /* ImageFeed */,
			);
		};
/* End PBXProject section */

/* Begin PBXResourcesBuildPhase section */
		4A0887BE2A4DF90700CC3998 /* Resources */ = {
			isa = PBXResourcesBuildPhase;
			buildActionMask = 2147483647;
			files = (
				4A0887D02A4DF90900CC3998 /* LaunchScreen.storyboard in Resources */,
				4A0887CD2A4DF90900CC3998 /* Assets.xcassets in Resources */,
				4A0887CB2A4DF90700CC3998 /* Main.storyboard in Resources */,
			);
			runOnlyForDeploymentPostprocessing = 0;
		};
/* End PBXResourcesBuildPhase section */

/* Begin PBXSourcesBuildPhase section */
		4A0887BC2A4DF90700CC3998 /* Sources */ = {
			isa = PBXSourcesBuildPhase;
			buildActionMask = 2147483647;
			files = (
				4A7510AC2A6033EC003456E8 /* ProfileViewController.swift in Sources */,
				4A01D1882A66889B0031483E /* Date+Extensions.swift in Sources */,
				4A0A2B742A7A9E4500D32BED /* AuthViewController.swift in Sources */,
				4A0887C82A4DF90700CC3998 /* ImagesListViewController.swift in Sources */,
				4A0A2B772A7AA08300D32BED /* WebViewViewController.swift in Sources */,
				4AC1FDD62A7FD43500D2B742 /* OAuthTokenResponseBody.swift in Sources */,
				4AC1FDD82A7FD63900D2B742 /* OAuth2Service.swift in Sources */,
				4AC1FDDF2A810A6400D2B742 /* AuthViewControllerDelegate.swift in Sources */,
				4ABD5EB52A4F186E000B6B2B /* UIColor.swift in Sources */,
				4A5255B52A62BF8300682808 /* SingleImageViewController.swift in Sources */,
				4A665E502A5185E30006681E /* ImagesListCell.swift in Sources */,
				4A0887C42A4DF90700CC3998 /* AppDelegate.swift in Sources */,
				4AC1FDD32A7FD02C00D2B742 /* WebViewViewControllerDelegate.swift in Sources */,
				4AC1FDDA2A7FDED300D2B742 /* OAuth2TokenStorage.swift in Sources */,
				4A0887C62A4DF90700CC3998 /* SceneDelegate.swift in Sources */,
				4A0A2B722A79238B00D32BED /* Constants.swift in Sources */,
				4AC1FDDD2A80F39D00D2B742 /* SplashViewController.swift in Sources */,
			);
			runOnlyForDeploymentPostprocessing = 0;
		};
/* End PBXSourcesBuildPhase section */

/* Begin PBXVariantGroup section */
		4A0887C92A4DF90700CC3998 /* Main.storyboard */ = {
			isa = PBXVariantGroup;
			children = (
				4A0887CA2A4DF90700CC3998 /* Base */,
			);
			name = Main.storyboard;
			sourceTree = "<group>";
		};
		4A0887CE2A4DF90900CC3998 /* LaunchScreen.storyboard */ = {
			isa = PBXVariantGroup;
			children = (
				4A0887CF2A4DF90900CC3998 /* Base */,
			);
			name = LaunchScreen.storyboard;
			sourceTree = "<group>";
		};
/* End PBXVariantGroup section */

/* Begin XCBuildConfiguration section */
		4A0887D22A4DF90900CC3998 /* Debug */ = {
			isa = XCBuildConfiguration;
			buildSettings = {
				ALWAYS_SEARCH_USER_PATHS = NO;
				CLANG_ANALYZER_NONNULL = YES;
				CLANG_ANALYZER_NUMBER_OBJECT_CONVERSION = YES_AGGRESSIVE;
				CLANG_CXX_LANGUAGE_STANDARD = "gnu++20";
				CLANG_ENABLE_MODULES = YES;
				CLANG_ENABLE_OBJC_ARC = YES;
				CLANG_ENABLE_OBJC_WEAK = YES;
				CLANG_WARN_BLOCK_CAPTURE_AUTORELEASING = YES;
				CLANG_WARN_BOOL_CONVERSION = YES;
				CLANG_WARN_COMMA = YES;
				CLANG_WARN_CONSTANT_CONVERSION = YES;
				CLANG_WARN_DEPRECATED_OBJC_IMPLEMENTATIONS = YES;
				CLANG_WARN_DIRECT_OBJC_ISA_USAGE = YES_ERROR;
				CLANG_WARN_DOCUMENTATION_COMMENTS = YES;
				CLANG_WARN_EMPTY_BODY = YES;
				CLANG_WARN_ENUM_CONVERSION = YES;
				CLANG_WARN_INFINITE_RECURSION = YES;
				CLANG_WARN_INT_CONVERSION = YES;
				CLANG_WARN_NON_LITERAL_NULL_CONVERSION = YES;
				CLANG_WARN_OBJC_IMPLICIT_RETAIN_SELF = YES;
				CLANG_WARN_OBJC_LITERAL_CONVERSION = YES;
				CLANG_WARN_OBJC_ROOT_CLASS = YES_ERROR;
				CLANG_WARN_QUOTED_INCLUDE_IN_FRAMEWORK_HEADER = YES;
				CLANG_WARN_RANGE_LOOP_ANALYSIS = YES;
				CLANG_WARN_STRICT_PROTOTYPES = YES;
				CLANG_WARN_SUSPICIOUS_MOVE = YES;
				CLANG_WARN_UNGUARDED_AVAILABILITY = YES_AGGRESSIVE;
				CLANG_WARN_UNREACHABLE_CODE = YES;
				CLANG_WARN__DUPLICATE_METHOD_MATCH = YES;
				COPY_PHASE_STRIP = NO;
				DEBUG_INFORMATION_FORMAT = dwarf;
				ENABLE_STRICT_OBJC_MSGSEND = YES;
				ENABLE_TESTABILITY = YES;
				GCC_C_LANGUAGE_STANDARD = gnu11;
				GCC_DYNAMIC_NO_PIC = NO;
				GCC_NO_COMMON_BLOCKS = YES;
				GCC_OPTIMIZATION_LEVEL = 0;
				GCC_PREPROCESSOR_DEFINITIONS = (
					"DEBUG=1",
					"$(inherited)",
				);
				GCC_WARN_64_TO_32_BIT_CONVERSION = YES;
				GCC_WARN_ABOUT_RETURN_TYPE = YES_ERROR;
				GCC_WARN_UNDECLARED_SELECTOR = YES;
				GCC_WARN_UNINITIALIZED_AUTOS = YES_AGGRESSIVE;
				GCC_WARN_UNUSED_FUNCTION = YES;
				GCC_WARN_UNUSED_VARIABLE = YES;
				IPHONEOS_DEPLOYMENT_TARGET = 16.4;
				MTL_ENABLE_DEBUG_INFO = INCLUDE_SOURCE;
				MTL_FAST_MATH = YES;
				ONLY_ACTIVE_ARCH = YES;
				SDKROOT = iphoneos;
				SWIFT_ACTIVE_COMPILATION_CONDITIONS = DEBUG;
				SWIFT_OPTIMIZATION_LEVEL = "-Onone";
			};
			name = Debug;
		};
		4A0887D32A4DF90900CC3998 /* Release */ = {
			isa = XCBuildConfiguration;
			buildSettings = {
				ALWAYS_SEARCH_USER_PATHS = NO;
				CLANG_ANALYZER_NONNULL = YES;
				CLANG_ANALYZER_NUMBER_OBJECT_CONVERSION = YES_AGGRESSIVE;
				CLANG_CXX_LANGUAGE_STANDARD = "gnu++20";
				CLANG_ENABLE_MODULES = YES;
				CLANG_ENABLE_OBJC_ARC = YES;
				CLANG_ENABLE_OBJC_WEAK = YES;
				CLANG_WARN_BLOCK_CAPTURE_AUTORELEASING = YES;
				CLANG_WARN_BOOL_CONVERSION = YES;
				CLANG_WARN_COMMA = YES;
				CLANG_WARN_CONSTANT_CONVERSION = YES;
				CLANG_WARN_DEPRECATED_OBJC_IMPLEMENTATIONS = YES;
				CLANG_WARN_DIRECT_OBJC_ISA_USAGE = YES_ERROR;
				CLANG_WARN_DOCUMENTATION_COMMENTS = YES;
				CLANG_WARN_EMPTY_BODY = YES;
				CLANG_WARN_ENUM_CONVERSION = YES;
				CLANG_WARN_INFINITE_RECURSION = YES;
				CLANG_WARN_INT_CONVERSION = YES;
				CLANG_WARN_NON_LITERAL_NULL_CONVERSION = YES;
				CLANG_WARN_OBJC_IMPLICIT_RETAIN_SELF = YES;
				CLANG_WARN_OBJC_LITERAL_CONVERSION = YES;
				CLANG_WARN_OBJC_ROOT_CLASS = YES_ERROR;
				CLANG_WARN_QUOTED_INCLUDE_IN_FRAMEWORK_HEADER = YES;
				CLANG_WARN_RANGE_LOOP_ANALYSIS = YES;
				CLANG_WARN_STRICT_PROTOTYPES = YES;
				CLANG_WARN_SUSPICIOUS_MOVE = YES;
				CLANG_WARN_UNGUARDED_AVAILABILITY = YES_AGGRESSIVE;
				CLANG_WARN_UNREACHABLE_CODE = YES;
				CLANG_WARN__DUPLICATE_METHOD_MATCH = YES;
				COPY_PHASE_STRIP = NO;
				DEBUG_INFORMATION_FORMAT = "dwarf-with-dsym";
				ENABLE_NS_ASSERTIONS = NO;
				ENABLE_STRICT_OBJC_MSGSEND = YES;
				GCC_C_LANGUAGE_STANDARD = gnu11;
				GCC_NO_COMMON_BLOCKS = YES;
				GCC_WARN_64_TO_32_BIT_CONVERSION = YES;
				GCC_WARN_ABOUT_RETURN_TYPE = YES_ERROR;
				GCC_WARN_UNDECLARED_SELECTOR = YES;
				GCC_WARN_UNINITIALIZED_AUTOS = YES_AGGRESSIVE;
				GCC_WARN_UNUSED_FUNCTION = YES;
				GCC_WARN_UNUSED_VARIABLE = YES;
				IPHONEOS_DEPLOYMENT_TARGET = 16.4;
				MTL_ENABLE_DEBUG_INFO = NO;
				MTL_FAST_MATH = YES;
				SDKROOT = iphoneos;
				SWIFT_COMPILATION_MODE = wholemodule;
				SWIFT_OPTIMIZATION_LEVEL = "-O";
				VALIDATE_PRODUCT = YES;
			};
			name = Release;
		};
		4A0887D52A4DF90900CC3998 /* Debug */ = {
			isa = XCBuildConfiguration;
			buildSettings = {
				ASSETCATALOG_COMPILER_APPICON_NAME = AppIcon;
				ASSETCATALOG_COMPILER_GLOBAL_ACCENT_COLOR_NAME = AccentColor;
				CODE_SIGN_STYLE = Automatic;
				CURRENT_PROJECT_VERSION = 1;
				DEVELOPMENT_TEAM = YJCHVPQ6N4;
				GENERATE_INFOPLIST_FILE = YES;
				INFOPLIST_FILE = ImageFeed/Resources/Info.plist;
				INFOPLIST_KEY_UIApplicationSupportsIndirectInputEvents = YES;
				INFOPLIST_KEY_UILaunchStoryboardName = LaunchScreen;
				INFOPLIST_KEY_UIMainStoryboardFile = Main;
				INFOPLIST_KEY_UISupportedInterfaceOrientations_iPhone = UIInterfaceOrientationPortrait;
				IPHONEOS_DEPLOYMENT_TARGET = 13.0;
				LD_RUNPATH_SEARCH_PATHS = (
					"$(inherited)",
					"@executable_path/Frameworks",
				);
				MARKETING_VERSION = 1.0;
				PRODUCT_BUNDLE_IDENTIFIER = ru.IuriiKarpunov.ImageFeed;
				PRODUCT_NAME = "$(TARGET_NAME)";
				SUPPORTED_PLATFORMS = "iphoneos iphonesimulator";
				SUPPORTS_MACCATALYST = NO;
				SUPPORTS_MAC_DESIGNED_FOR_IPHONE_IPAD = NO;
				SWIFT_EMIT_LOC_STRINGS = YES;
				SWIFT_VERSION = 5.0;
				TARGETED_DEVICE_FAMILY = 1;
			};
			name = Debug;
		};
		4A0887D62A4DF90900CC3998 /* Release */ = {
			isa = XCBuildConfiguration;
			buildSettings = {
				ASSETCATALOG_COMPILER_APPICON_NAME = AppIcon;
				ASSETCATALOG_COMPILER_GLOBAL_ACCENT_COLOR_NAME = AccentColor;
				CODE_SIGN_STYLE = Automatic;
				CURRENT_PROJECT_VERSION = 1;
				DEVELOPMENT_TEAM = YJCHVPQ6N4;
				GENERATE_INFOPLIST_FILE = YES;
				INFOPLIST_FILE = ImageFeed/Resources/Info.plist;
				INFOPLIST_KEY_UIApplicationSupportsIndirectInputEvents = YES;
				INFOPLIST_KEY_UILaunchStoryboardName = LaunchScreen;
				INFOPLIST_KEY_UIMainStoryboardFile = Main;
				INFOPLIST_KEY_UISupportedInterfaceOrientations_iPhone = UIInterfaceOrientationPortrait;
				IPHONEOS_DEPLOYMENT_TARGET = 13.0;
				LD_RUNPATH_SEARCH_PATHS = (
					"$(inherited)",
					"@executable_path/Frameworks",
				);
				MARKETING_VERSION = 1.0;
				PRODUCT_BUNDLE_IDENTIFIER = ru.IuriiKarpunov.ImageFeed;
				PRODUCT_NAME = "$(TARGET_NAME)";
				SUPPORTED_PLATFORMS = "iphoneos iphonesimulator";
				SUPPORTS_MACCATALYST = NO;
				SUPPORTS_MAC_DESIGNED_FOR_IPHONE_IPAD = NO;
				SWIFT_EMIT_LOC_STRINGS = YES;
				SWIFT_VERSION = 5.0;
				TARGETED_DEVICE_FAMILY = 1;
			};
			name = Release;
		};
/* End XCBuildConfiguration section */

/* Begin XCConfigurationList section */
		4A0887BB2A4DF90700CC3998 /* Build configuration list for PBXProject "ImageFeed" */ = {
			isa = XCConfigurationList;
			buildConfigurations = (
				4A0887D22A4DF90900CC3998 /* Debug */,
				4A0887D32A4DF90900CC3998 /* Release */,
			);
			defaultConfigurationIsVisible = 0;
			defaultConfigurationName = Release;
		};
		4A0887D42A4DF90900CC3998 /* Build configuration list for PBXNativeTarget "ImageFeed" */ = {
			isa = XCConfigurationList;
			buildConfigurations = (
				4A0887D52A4DF90900CC3998 /* Debug */,
				4A0887D62A4DF90900CC3998 /* Release */,
			);
			defaultConfigurationIsVisible = 0;
			defaultConfigurationName = Release;
		};
/* End XCConfigurationList section */
	};
	rootObject = 4A0887B82A4DF90700CC3998 /* Project object */;
}
